
Microsoft Visual Studio Solution File, Format Version 12.00
# Visual Studio Version 17
VisualStudioVersion = 17.5.002.0
MinimumVisualStudioVersion = 10.0.40219.1
Project("{2150E333-8FDC-42A3-9474-1A3956D46DE8}") = "csharp-prep", "csharp-prep", "{0C2F6715-8F59-40E8-B454-E2726684BC45}"
EndProject
Project("{9A19103F-16F7-4668-BE54-9A1E7A4F7556}") = "Prep1", "csharp-prep\Prep1\Prep1.csproj", "{AB30BA1A-A65A-4498-9D39-D80B1211FAB1}"
EndProject
Project("{9A19103F-16F7-4668-BE54-9A1E7A4F7556}") = "Prep2", "csharp-prep\Prep2\Prep2.csproj", "{3A9762AF-4EC2-4B36-A348-9627533C2201}"
EndProject
Project("{9A19103F-16F7-4668-BE54-9A1E7A4F7556}") = "Prep3", "csharp-prep\Prep3\Prep3.csproj", "{96B8D8C5-BBC6-498F-AAC1-72320100F56B}"
EndProject
Project("{9A19103F-16F7-4668-BE54-9A1E7A4F7556}") = "Prep4", "csharp-prep\Prep4\Prep4.csproj", "{CF9AC8E7-9D16-462C-B23C-4D152F152977}"
EndProject
Project("{9A19103F-16F7-4668-BE54-9A1E7A4F7556}") = "Prep5", "csharp-prep\Prep5\Prep5.csproj", "{F5091865-A7E3-400B-B906-1E04CA2B4E45}"
EndProject
Project("{2150E333-8FDC-42A3-9474-1A3956D46DE8}") = "final", "final", "{1A00BFDA-1E57-4584-BF30-9021776FE1EF}"
EndProject
Project("{9A19103F-16F7-4668-BE54-9A1E7A4F7556}") = "FinalProject", "final\FinalProject\FinalProject.csproj", "{D003D9F1-3113-4B7A-BBB9-2763F7F8D914}"
EndProject
Project("{9A19103F-16F7-4668-BE54-9A1E7A4F7556}") = "Foundation1", "final\Foundation1\Foundation1.csproj", "{7ADD9994-B6F8-44E0-88A9-A0210938BD57}"
EndProject
Project("{9A19103F-16F7-4668-BE54-9A1E7A4F7556}") = "Foundation2", "final\Foundation2\Foundation2.csproj", "{69367CBB-B915-436A-B44B-EFDBDE57D3E9}"
EndProject
Project("{9A19103F-16F7-4668-BE54-9A1E7A4F7556}") = "Foundation3", "final\Foundation3\Foundation3.csproj", "{3A051D82-0F10-4864-B631-344B63791538}"
EndProject
Project("{9A19103F-16F7-4668-BE54-9A1E7A4F7556}") = "Foundation4", "final\Foundation4\Foundation4.csproj", "{99EBFA9D-D756-4E61-BC6C-27FAD24303AC}"
EndProject
Project("{2150E333-8FDC-42A3-9474-1A3956D46DE8}") = "prepare", "prepare", "{6EBDAA70-668C-44C8-B4E7-E504BBC5CF64}"
EndProject
Project("{9A19103F-16F7-4668-BE54-9A1E7A4F7556}") = "Learning02", "prepare\Learning02\Learning02.csproj", "{4A570FEA-79C5-4C36-A627-D63D2C8DEE26}"
EndProject
Project("{9A19103F-16F7-4668-BE54-9A1E7A4F7556}") = "Learning03", "prepare\Learning03\Learning03.csproj", "{EB7B61DB-4765-48AF-990F-28D2C93B87A4}"
EndProject
Project("{9A19103F-16F7-4668-BE54-9A1E7A4F7556}") = "Learning04", "prepare\Learning04\Learning04.csproj", "{083A48F9-15F3-4F86-8171-32C522C128C8}"
EndProject
Project("{9A19103F-16F7-4668-BE54-9A1E7A4F7556}") = "Learning05", "prepare\Learning05\Learning05.csproj", "{D06B79DB-2792-442E-9D8A-D9A31FA3AC5B}"
EndProject
Project("{2150E333-8FDC-42A3-9474-1A3956D46DE8}") = "prove", "prove", "{C006304C-CA80-46AC-83F7-300558F1862F}"
EndProject
Project("{9A19103F-16F7-4668-BE54-9A1E7A4F7556}") = "Develop02", "prove\Develop02\Develop02.csproj", "{A9C28015-B0FC-4B12-882B-5CB2BF7A3E75}"
EndProject
Project("{9A19103F-16F7-4668-BE54-9A1E7A4F7556}") = "Develop03", "prove\Develop03\Develop03.csproj", "{E8BA6482-7CA7-45DD-B28B-3A229D2F948F}"
EndProject
Project("{9A19103F-16F7-4668-BE54-9A1E7A4F7556}") = "Develop04", "prove\Develop04\Develop04.csproj", "{25008462-1554-4DEF-B04B-61C0E050861A}"
EndProject
Project("{9A19103F-16F7-4668-BE54-9A1E7A4F7556}") = "Develop05", "prove\Develop05\Develop05.csproj", "{ECDDDE48-6AF1-4792-86B2-5A2CC59C9B89}"
EndProject
Project("{2150E333-8FDC-42A3-9474-1A3956D46DE8}") = "sandbox", "sandbox", "{B9D2CE61-3D7A-451F-A54C-F610213B2EC4}"
EndProject
Project("{9A19103F-16F7-4668-BE54-9A1E7A4F7556}") = "Sandbox", "sandbox\Sandbox\Sandbox.csproj", "{2C598AC1-9F14-4AFA-B29D-470C25886C14}"
EndProject
Global
	GlobalSection(SolutionConfigurationPlatforms) = preSolution
		Debug|Any CPU = Debug|Any CPU
		Release|Any CPU = Release|Any CPU
	EndGlobalSection
	GlobalSection(ProjectConfigurationPlatforms) = postSolution
		{AB30BA1A-A65A-4498-9D39-D80B1211FAB1}.Debug|Any CPU.ActiveCfg = Debug|Any CPU
		{AB30BA1A-A65A-4498-9D39-D80B1211FAB1}.Debug|Any CPU.Build.0 = Debug|Any CPU
		{AB30BA1A-A65A-4498-9D39-D80B1211FAB1}.Release|Any CPU.ActiveCfg = Release|Any CPU
		{AB30BA1A-A65A-4498-9D39-D80B1211FAB1}.Release|Any CPU.Build.0 = Release|Any CPU
		{3A9762AF-4EC2-4B36-A348-9627533C2201}.Debug|Any CPU.ActiveCfg = Debug|Any CPU
		{3A9762AF-4EC2-4B36-A348-9627533C2201}.Debug|Any CPU.Build.0 = Debug|Any CPU
		{3A9762AF-4EC2-4B36-A348-9627533C2201}.Release|Any CPU.ActiveCfg = Release|Any CPU
		{3A9762AF-4EC2-4B36-A348-9627533C2201}.Release|Any CPU.Build.0 = Release|Any CPU
		{96B8D8C5-BBC6-498F-AAC1-72320100F56B}.Debug|Any CPU.ActiveCfg = Debug|Any CPU
		{96B8D8C5-BBC6-498F-AAC1-72320100F56B}.Debug|Any CPU.Build.0 = Debug|Any CPU
		{96B8D8C5-BBC6-498F-AAC1-72320100F56B}.Release|Any CPU.ActiveCfg = Release|Any CPU
		{96B8D8C5-BBC6-498F-AAC1-72320100F56B}.Release|Any CPU.Build.0 = Release|Any CPU
		{CF9AC8E7-9D16-462C-B23C-4D152F152977}.Debug|Any CPU.ActiveCfg = Debug|Any CPU
		{CF9AC8E7-9D16-462C-B23C-4D152F152977}.Debug|Any CPU.Build.0 = Debug|Any CPU
		{CF9AC8E7-9D16-462C-B23C-4D152F152977}.Release|Any CPU.ActiveCfg = Release|Any CPU
		{CF9AC8E7-9D16-462C-B23C-4D152F152977}.Release|Any CPU.Build.0 = Release|Any CPU
		{F5091865-A7E3-400B-B906-1E04CA2B4E45}.Debug|Any CPU.ActiveCfg = Debug|Any CPU
		{F5091865-A7E3-400B-B906-1E04CA2B4E45}.Debug|Any CPU.Build.0 = Debug|Any CPU
		{F5091865-A7E3-400B-B906-1E04CA2B4E45}.Release|Any CPU.ActiveCfg = Release|Any CPU
		{F5091865-A7E3-400B-B906-1E04CA2B4E45}.Release|Any CPU.Build.0 = Release|Any CPU
		{D003D9F1-3113-4B7A-BBB9-2763F7F8D914}.Debug|Any CPU.ActiveCfg = Debug|Any CPU
		{D003D9F1-3113-4B7A-BBB9-2763F7F8D914}.Debug|Any CPU.Build.0 = Debug|Any CPU
		{D003D9F1-3113-4B7A-BBB9-2763F7F8D914}.Release|Any CPU.ActiveCfg = Release|Any CPU
		{D003D9F1-3113-4B7A-BBB9-2763F7F8D914}.Release|Any CPU.Build.0 = Release|Any CPU
		{7ADD9994-B6F8-44E0-88A9-A0210938BD57}.Debug|Any CPU.ActiveCfg = Debug|Any CPU
		{7ADD9994-B6F8-44E0-88A9-A0210938BD57}.Debug|Any CPU.Build.0 = Debug|Any CPU
		{7ADD9994-B6F8-44E0-88A9-A0210938BD57}.Release|Any CPU.ActiveCfg = Release|Any CPU
		{7ADD9994-B6F8-44E0-88A9-A0210938BD57}.Release|Any CPU.Build.0 = Release|Any CPU
		{69367CBB-B915-436A-B44B-EFDBDE57D3E9}.Debug|Any CPU.ActiveCfg = Debug|Any CPU
		{69367CBB-B915-436A-B44B-EFDBDE57D3E9}.Debug|Any CPU.Build.0 = Debug|Any CPU
		{69367CBB-B915-436A-B44B-EFDBDE57D3E9}.Release|Any CPU.ActiveCfg = Release|Any CPU
		{69367CBB-B915-436A-B44B-EFDBDE57D3E9}.Release|Any CPU.Build.0 = Release|Any CPU
		{3A051D82-0F10-4864-B631-344B63791538}.Debug|Any CPU.ActiveCfg = Debug|Any CPU
		{3A051D82-0F10-4864-B631-344B63791538}.Debug|Any CPU.Build.0 = Debug|Any CPU
		{3A051D82-0F10-4864-B631-344B63791538}.Release|Any CPU.ActiveCfg = Release|Any CPU
		{3A051D82-0F10-4864-B631-344B63791538}.Release|Any CPU.Build.0 = Release|Any CPU
		{99EBFA9D-D756-4E61-BC6C-27FAD24303AC}.Debug|Any CPU.ActiveCfg = Debug|Any CPU
		{99EBFA9D-D756-4E61-BC6C-27FAD24303AC}.Debug|Any CPU.Build.0 = Debug|Any CPU
		{99EBFA9D-D756-4E61-BC6C-27FAD24303AC}.Release|Any CPU.ActiveCfg = Release|Any CPU
		{99EBFA9D-D756-4E61-BC6C-27FAD24303AC}.Release|Any CPU.Build.0 = Release|Any CPU
		{4A570FEA-79C5-4C36-A627-D63D2C8DEE26}.Debug|Any CPU.ActiveCfg = Debug|Any CPU
		{4A570FEA-79C5-4C36-A627-D63D2C8DEE26}.Debug|Any CPU.Build.0 = Debug|Any CPU
		{4A570FEA-79C5-4C36-A627-D63D2C8DEE26}.Release|Any CPU.ActiveCfg = Release|Any CPU
		{4A570FEA-79C5-4C36-A627-D63D2C8DEE26}.Release|Any CPU.Build.0 = Release|Any CPU
		{EB7B61DB-4765-48AF-990F-28D2C93B87A4}.Debug|Any CPU.ActiveCfg = Debug|Any CPU
		{EB7B61DB-4765-48AF-990F-28D2C93B87A4}.Debug|Any CPU.Build.0 = Debug|Any CPU
		{EB7B61DB-4765-48AF-990F-28D2C93B87A4}.Release|Any CPU.ActiveCfg = Release|Any CPU
		{EB7B61DB-4765-48AF-990F-28D2C93B87A4}.Release|Any CPU.Build.0 = Release|Any CPU
		{083A48F9-15F3-4F86-8171-32C522C128C8}.Debug|Any CPU.ActiveCfg = Debug|Any CPU
		{083A48F9-15F3-4F86-8171-32C522C128C8}.Debug|Any CPU.Build.0 = Debug|Any CPU
		{083A48F9-15F3-4F86-8171-32C522C128C8}.Release|Any CPU.ActiveCfg = Release|Any CPU
		{083A48F9-15F3-4F86-8171-32C522C128C8}.Release|Any CPU.Build.0 = Release|Any CPU
		{D06B79DB-2792-442E-9D8A-D9A31FA3AC5B}.Debug|Any CPU.ActiveCfg = Debug|Any CPU
		{D06B79DB-2792-442E-9D8A-D9A31FA3AC5B}.Debug|Any CPU.Build.0 = Debug|Any CPU
		{D06B79DB-2792-442E-9D8A-D9A31FA3AC5B}.Release|Any CPU.ActiveCfg = Release|Any CPU
		{D06B79DB-2792-442E-9D8A-D9A31FA3AC5B}.Release|Any CPU.Build.0 = Release|Any CPU
		{A9C28015-B0FC-4B12-882B-5CB2BF7A3E75}.Debug|Any CPU.ActiveCfg = Debug|Any CPU
		{A9C28015-B0FC-4B12-882B-5CB2BF7A3E75}.Debug|Any CPU.Build.0 = Debug|Any CPU
		{A9C28015-B0FC-4B12-882B-5CB2BF7A3E75}.Release|Any CPU.ActiveCfg = Release|Any CPU
		{A9C28015-B0FC-4B12-882B-5CB2BF7A3E75}.Release|Any CPU.Build.0 = Release|Any CPU
		{E8BA6482-7CA7-45DD-B28B-3A229D2F948F}.Debug|Any CPU.ActiveCfg = Debug|Any CPU
		{E8BA6482-7CA7-45DD-B28B-3A229D2F948F}.Debug|Any CPU.Build.0 = Debug|Any CPU
		{E8BA6482-7CA7-45DD-B28B-3A229D2F948F}.Release|Any CPU.ActiveCfg = Release|Any CPU
		{E8BA6482-7CA7-45DD-B28B-3A229D2F948F}.Release|Any CPU.Build.0 = Release|Any CPU
		{25008462-1554-4DEF-B04B-61C0E050861A}.Debug|Any CPU.ActiveCfg = Debug|Any CPU
		{25008462-1554-4DEF-B04B-61C0E050861A}.Debug|Any CPU.Build.0 = Debug|Any CPU
		{25008462-1554-4DEF-B04B-61C0E050861A}.Release|Any CPU.ActiveCfg = Release|Any CPU
		{25008462-1554-4DEF-B04B-61C0E050861A}.Release|Any CPU.Build.0 = Release|Any CPU
		{ECDDDE48-6AF1-4792-86B2-5A2CC59C9B89}.Debug|Any CPU.ActiveCfg = Debug|Any CPU
		{ECDDDE48-6AF1-4792-86B2-5A2CC59C9B89}.Debug|Any CPU.Build.0 = Debug|Any CPU
		{ECDDDE48-6AF1-4792-86B2-5A2CC59C9B89}.Release|Any CPU.ActiveCfg = Release|Any CPU
		{ECDDDE48-6AF1-4792-86B2-5A2CC59C9B89}.Release|Any CPU.Build.0 = Release|Any CPU
		{2C598AC1-9F14-4AFA-B29D-470C25886C14}.Debug|Any CPU.ActiveCfg = Debug|Any CPU
		{2C598AC1-9F14-4AFA-B29D-470C25886C14}.Debug|Any CPU.Build.0 = Debug|Any CPU
		{2C598AC1-9F14-4AFA-B29D-470C25886C14}.Release|Any CPU.ActiveCfg = Release|Any CPU
		{2C598AC1-9F14-4AFA-B29D-470C25886C14}.Release|Any CPU.Build.0 = Release|Any CPU
	EndGlobalSection
	GlobalSection(SolutionProperties) = preSolution
		HideSolutionNode = FALSE
	EndGlobalSection
	GlobalSection(NestedProjects) = preSolution
		{AB30BA1A-A65A-4498-9D39-D80B1211FAB1} = {0C2F6715-8F59-40E8-B454-E2726684BC45}
		{3A9762AF-4EC2-4B36-A348-9627533C2201} = {0C2F6715-8F59-40E8-B454-E2726684BC45}
		{96B8D8C5-BBC6-498F-AAC1-72320100F56B} = {0C2F6715-8F59-40E8-B454-E2726684BC45}
		{CF9AC8E7-9D16-462C-B23C-4D152F152977} = {0C2F6715-8F59-40E8-B454-E2726684BC45}
		{F5091865-A7E3-400B-B906-1E04CA2B4E45} = {0C2F6715-8F59-40E8-B454-E2726684BC45}
		{D003D9F1-3113-4B7A-BBB9-2763F7F8D914} = {1A00BFDA-1E57-4584-BF30-9021776FE1EF}
		{7ADD9994-B6F8-44E0-88A9-A0210938BD57} = {1A00BFDA-1E57-4584-BF30-9021776FE1EF}
		{69367CBB-B915-436A-B44B-EFDBDE57D3E9} = {1A00BFDA-1E57-4584-BF30-9021776FE1EF}
		{3A051D82-0F10-4864-B631-344B63791538} = {1A00BFDA-1E57-4584-BF30-9021776FE1EF}
		{99EBFA9D-D756-4E61-BC6C-27FAD24303AC} = {1A00BFDA-1E57-4584-BF30-9021776FE1EF}
		{4A570FEA-79C5-4C36-A627-D63D2C8DEE26} = {6EBDAA70-668C-44C8-B4E7-E504BBC5CF64}
		{EB7B61DB-4765-48AF-990F-28D2C93B87A4} = {6EBDAA70-668C-44C8-B4E7-E504BBC5CF64}
		{083A48F9-15F3-4F86-8171-32C522C128C8} = {6EBDAA70-668C-44C8-B4E7-E504BBC5CF64}
		{D06B79DB-2792-442E-9D8A-D9A31FA3AC5B} = {6EBDAA70-668C-44C8-B4E7-E504BBC5CF64}
		{A9C28015-B0FC-4B12-882B-5CB2BF7A3E75} = {C006304C-CA80-46AC-83F7-300558F1862F}
		{E8BA6482-7CA7-45DD-B28B-3A229D2F948F} = {C006304C-CA80-46AC-83F7-300558F1862F}
		{25008462-1554-4DEF-B04B-61C0E050861A} = {C006304C-CA80-46AC-83F7-300558F1862F}
		{ECDDDE48-6AF1-4792-86B2-5A2CC59C9B89} = {C006304C-CA80-46AC-83F7-300558F1862F}
		{2C598AC1-9F14-4AFA-B29D-470C25886C14} = {B9D2CE61-3D7A-451F-A54C-F610213B2EC4}
	EndGlobalSection
	GlobalSection(ExtensibilityGlobals) = postSolution
		SolutionGuid = {F4D07D9F-5F53-4C3C-A5C4-17E4D380330B}
	EndGlobalSection
EndGlobal
