
Microsoft Visual Studio Solution File, Format Version 12.00
# Visual Studio Version 17
VisualStudioVersion = 17.5.002.0
MinimumVisualStudioVersion = 10.0.40219.1
Project("{2150E333-8FDC-42A3-9474-1A3956D46DE8}") = "csharp-prep", "csharp-prep", "{FC8B6FAD-D116-4329-A3F9-AD8527A4C521}"
EndProject
Project("{9A19103F-16F7-4668-BE54-9A1E7A4F7556}") = "Prep1", "csharp-prep\Prep1\Prep1.csproj", "{73DE75E7-F42E-4130-A742-1118FF19323E}"
EndProject
Project("{9A19103F-16F7-4668-BE54-9A1E7A4F7556}") = "Prep2", "csharp-prep\Prep2\Prep2.csproj", "{41AF17C6-8D0E-4553-85CE-7F2045081693}"
EndProject
Project("{9A19103F-16F7-4668-BE54-9A1E7A4F7556}") = "Prep3", "csharp-prep\Prep3\Prep3.csproj", "{C5264657-A4E8-4DDF-88D7-9FCAC13EA2C4}"
EndProject
Project("{9A19103F-16F7-4668-BE54-9A1E7A4F7556}") = "Prep4", "csharp-prep\Prep4\Prep4.csproj", "{66710A12-66A2-4094-95FD-86828095E666}"
EndProject
Project("{9A19103F-16F7-4668-BE54-9A1E7A4F7556}") = "Prep5", "csharp-prep\Prep5\Prep5.csproj", "{A8CA9C2E-AE0D-480A-B861-2D8F72ECF320}"
EndProject
Project("{2150E333-8FDC-42A3-9474-1A3956D46DE8}") = "final", "final", "{218A862F-EB4A-4B7A-B061-4A05C5ABDCA3}"
EndProject
Project("{9A19103F-16F7-4668-BE54-9A1E7A4F7556}") = "FinalProject", "final\FinalProject\FinalProject.csproj", "{A9E25D61-0240-4E99-8B2B-AF99F9FD7273}"
EndProject
Project("{9A19103F-16F7-4668-BE54-9A1E7A4F7556}") = "Foundation1", "final\Foundation1\Foundation1.csproj", "{1BE39B26-60B0-4E6D-8058-5F9AFC7B7FAC}"
EndProject
Project("{9A19103F-16F7-4668-BE54-9A1E7A4F7556}") = "Foundation2", "final\Foundation2\Foundation2.csproj", "{22F6DEBA-410C-4B7C-B680-939DFFBA6BB5}"
EndProject
Project("{9A19103F-16F7-4668-BE54-9A1E7A4F7556}") = "Foundation3", "final\Foundation3\Foundation3.csproj", "{88B97E56-3F2D-45CB-907D-93A77264FBAA}"
EndProject
Project("{9A19103F-16F7-4668-BE54-9A1E7A4F7556}") = "Foundation4", "final\Foundation4\Foundation4.csproj", "{2C090922-7A6C-435F-8A3A-1AA22DD0B5F7}"
EndProject
Project("{2150E333-8FDC-42A3-9474-1A3956D46DE8}") = "prepare", "prepare", "{BDD725AE-D765-43B2-9F64-BF5A424C1110}"
EndProject
Project("{9A19103F-16F7-4668-BE54-9A1E7A4F7556}") = "Learning02", "prepare\Learning02\Learning02.csproj", "{31AA11C0-05C3-4419-A7B1-BEFC12068E89}"
EndProject
Project("{9A19103F-16F7-4668-BE54-9A1E7A4F7556}") = "Learning03", "prepare\Learning03\Learning03.csproj", "{B7E6FD19-D4C7-4518-AB86-4A512D11588F}"
EndProject
Project("{9A19103F-16F7-4668-BE54-9A1E7A4F7556}") = "Learning04", "prepare\Learning04\Learning04.csproj", "{DEFB7ED1-EA32-4F53-AAA9-548936DE47B6}"
EndProject
Project("{9A19103F-16F7-4668-BE54-9A1E7A4F7556}") = "Learning05", "prepare\Learning05\Learning05.csproj", "{806911EC-4482-4D15-8B3A-9B7EA7D579A9}"
EndProject
Project("{2150E333-8FDC-42A3-9474-1A3956D46DE8}") = "prove", "prove", "{2363CDF2-B235-4FD9-8786-B3DA1E8593A8}"
EndProject
Project("{9A19103F-16F7-4668-BE54-9A1E7A4F7556}") = "Develop02", "prove\Develop02\Develop02.csproj", "{15ECEF75-122A-4930-B961-CF41AC84A4A3}"
EndProject
Project("{9A19103F-16F7-4668-BE54-9A1E7A4F7556}") = "Develop03", "prove\Develop03\Develop03.csproj", "{0354FB27-D4AE-4DD8-B653-1A6691BA2881}"
EndProject
Project("{9A19103F-16F7-4668-BE54-9A1E7A4F7556}") = "Develop04", "prove\Develop04\Develop04.csproj", "{B4CC5D59-C370-42FD-B802-95F2504A2001}"
EndProject
Project("{9A19103F-16F7-4668-BE54-9A1E7A4F7556}") = "Develop05", "prove\Develop05\Develop05.csproj", "{19207AD9-4066-4465-8D0B-9B5D22A511AF}"
EndProject
Project("{2150E333-8FDC-42A3-9474-1A3956D46DE8}") = "sandbox", "sandbox", "{4258B90F-6BA8-4B35-855D-11A47AE14955}"
EndProject
Project("{9A19103F-16F7-4668-BE54-9A1E7A4F7556}") = "Sandbox", "sandbox\Sandbox\Sandbox.csproj", "{BD26A038-CF82-4E67-90F4-87FE93EFE50D}"
EndProject
Global
	GlobalSection(SolutionConfigurationPlatforms) = preSolution
		Debug|Any CPU = Debug|Any CPU
		Release|Any CPU = Release|Any CPU
	EndGlobalSection
	GlobalSection(ProjectConfigurationPlatforms) = postSolution
		{73DE75E7-F42E-4130-A742-1118FF19323E}.Debug|Any CPU.ActiveCfg = Debug|Any CPU
		{73DE75E7-F42E-4130-A742-1118FF19323E}.Debug|Any CPU.Build.0 = Debug|Any CPU
		{73DE75E7-F42E-4130-A742-1118FF19323E}.Release|Any CPU.ActiveCfg = Release|Any CPU
		{73DE75E7-F42E-4130-A742-1118FF19323E}.Release|Any CPU.Build.0 = Release|Any CPU
		{41AF17C6-8D0E-4553-85CE-7F2045081693}.Debug|Any CPU.ActiveCfg = Debug|Any CPU
		{41AF17C6-8D0E-4553-85CE-7F2045081693}.Debug|Any CPU.Build.0 = Debug|Any CPU
		{41AF17C6-8D0E-4553-85CE-7F2045081693}.Release|Any CPU.ActiveCfg = Release|Any CPU
		{41AF17C6-8D0E-4553-85CE-7F2045081693}.Release|Any CPU.Build.0 = Release|Any CPU
		{C5264657-A4E8-4DDF-88D7-9FCAC13EA2C4}.Debug|Any CPU.ActiveCfg = Debug|Any CPU
		{C5264657-A4E8-4DDF-88D7-9FCAC13EA2C4}.Debug|Any CPU.Build.0 = Debug|Any CPU
		{C5264657-A4E8-4DDF-88D7-9FCAC13EA2C4}.Release|Any CPU.ActiveCfg = Release|Any CPU
		{C5264657-A4E8-4DDF-88D7-9FCAC13EA2C4}.Release|Any CPU.Build.0 = Release|Any CPU
		{66710A12-66A2-4094-95FD-86828095E666}.Debug|Any CPU.ActiveCfg = Debug|Any CPU
		{66710A12-66A2-4094-95FD-86828095E666}.Debug|Any CPU.Build.0 = Debug|Any CPU
		{66710A12-66A2-4094-95FD-86828095E666}.Release|Any CPU.ActiveCfg = Release|Any CPU
		{66710A12-66A2-4094-95FD-86828095E666}.Release|Any CPU.Build.0 = Release|Any CPU
		{A8CA9C2E-AE0D-480A-B861-2D8F72ECF320}.Debug|Any CPU.ActiveCfg = Debug|Any CPU
		{A8CA9C2E-AE0D-480A-B861-2D8F72ECF320}.Debug|Any CPU.Build.0 = Debug|Any CPU
		{A8CA9C2E-AE0D-480A-B861-2D8F72ECF320}.Release|Any CPU.ActiveCfg = Release|Any CPU
		{A8CA9C2E-AE0D-480A-B861-2D8F72ECF320}.Release|Any CPU.Build.0 = Release|Any CPU
		{A9E25D61-0240-4E99-8B2B-AF99F9FD7273}.Debug|Any CPU.ActiveCfg = Debug|Any CPU
		{A9E25D61-0240-4E99-8B2B-AF99F9FD7273}.Debug|Any CPU.Build.0 = Debug|Any CPU
		{A9E25D61-0240-4E99-8B2B-AF99F9FD7273}.Release|Any CPU.ActiveCfg = Release|Any CPU
		{A9E25D61-0240-4E99-8B2B-AF99F9FD7273}.Release|Any CPU.Build.0 = Release|Any CPU
		{1BE39B26-60B0-4E6D-8058-5F9AFC7B7FAC}.Debug|Any CPU.ActiveCfg = Debug|Any CPU
		{1BE39B26-60B0-4E6D-8058-5F9AFC7B7FAC}.Debug|Any CPU.Build.0 = Debug|Any CPU
		{1BE39B26-60B0-4E6D-8058-5F9AFC7B7FAC}.Release|Any CPU.ActiveCfg = Release|Any CPU
		{1BE39B26-60B0-4E6D-8058-5F9AFC7B7FAC}.Release|Any CPU.Build.0 = Release|Any CPU
		{22F6DEBA-410C-4B7C-B680-939DFFBA6BB5}.Debug|Any CPU.ActiveCfg = Debug|Any CPU
		{22F6DEBA-410C-4B7C-B680-939DFFBA6BB5}.Debug|Any CPU.Build.0 = Debug|Any CPU
		{22F6DEBA-410C-4B7C-B680-939DFFBA6BB5}.Release|Any CPU.ActiveCfg = Release|Any CPU
		{22F6DEBA-410C-4B7C-B680-939DFFBA6BB5}.Release|Any CPU.Build.0 = Release|Any CPU
		{88B97E56-3F2D-45CB-907D-93A77264FBAA}.Debug|Any CPU.ActiveCfg = Debug|Any CPU
		{88B97E56-3F2D-45CB-907D-93A77264FBAA}.Debug|Any CPU.Build.0 = Debug|Any CPU
		{88B97E56-3F2D-45CB-907D-93A77264FBAA}.Release|Any CPU.ActiveCfg = Release|Any CPU
		{88B97E56-3F2D-45CB-907D-93A77264FBAA}.Release|Any CPU.Build.0 = Release|Any CPU
		{2C090922-7A6C-435F-8A3A-1AA22DD0B5F7}.Debug|Any CPU.ActiveCfg = Debug|Any CPU
		{2C090922-7A6C-435F-8A3A-1AA22DD0B5F7}.Debug|Any CPU.Build.0 = Debug|Any CPU
		{2C090922-7A6C-435F-8A3A-1AA22DD0B5F7}.Release|Any CPU.ActiveCfg = Release|Any CPU
		{2C090922-7A6C-435F-8A3A-1AA22DD0B5F7}.Release|Any CPU.Build.0 = Release|Any CPU
		{31AA11C0-05C3-4419-A7B1-BEFC12068E89}.Debug|Any CPU.ActiveCfg = Debug|Any CPU
		{31AA11C0-05C3-4419-A7B1-BEFC12068E89}.Debug|Any CPU.Build.0 = Debug|Any CPU
		{31AA11C0-05C3-4419-A7B1-BEFC12068E89}.Release|Any CPU.ActiveCfg = Release|Any CPU
		{31AA11C0-05C3-4419-A7B1-BEFC12068E89}.Release|Any CPU.Build.0 = Release|Any CPU
		{B7E6FD19-D4C7-4518-AB86-4A512D11588F}.Debug|Any CPU.ActiveCfg = Debug|Any CPU
		{B7E6FD19-D4C7-4518-AB86-4A512D11588F}.Debug|Any CPU.Build.0 = Debug|Any CPU
		{B7E6FD19-D4C7-4518-AB86-4A512D11588F}.Release|Any CPU.ActiveCfg = Release|Any CPU
		{B7E6FD19-D4C7-4518-AB86-4A512D11588F}.Release|Any CPU.Build.0 = Release|Any CPU
		{DEFB7ED1-EA32-4F53-AAA9-548936DE47B6}.Debug|Any CPU.ActiveCfg = Debug|Any CPU
		{DEFB7ED1-EA32-4F53-AAA9-548936DE47B6}.Debug|Any CPU.Build.0 = Debug|Any CPU
		{DEFB7ED1-EA32-4F53-AAA9-548936DE47B6}.Release|Any CPU.ActiveCfg = Release|Any CPU
		{DEFB7ED1-EA32-4F53-AAA9-548936DE47B6}.Release|Any CPU.Build.0 = Release|Any CPU
		{806911EC-4482-4D15-8B3A-9B7EA7D579A9}.Debug|Any CPU.ActiveCfg = Debug|Any CPU
		{806911EC-4482-4D15-8B3A-9B7EA7D579A9}.Debug|Any CPU.Build.0 = Debug|Any CPU
		{806911EC-4482-4D15-8B3A-9B7EA7D579A9}.Release|Any CPU.ActiveCfg = Release|Any CPU
		{806911EC-4482-4D15-8B3A-9B7EA7D579A9}.Release|Any CPU.Build.0 = Release|Any CPU
		{15ECEF75-122A-4930-B961-CF41AC84A4A3}.Debug|Any CPU.ActiveCfg = Debug|Any CPU
		{15ECEF75-122A-4930-B961-CF41AC84A4A3}.Debug|Any CPU.Build.0 = Debug|Any CPU
		{15ECEF75-122A-4930-B961-CF41AC84A4A3}.Release|Any CPU.ActiveCfg = Release|Any CPU
		{15ECEF75-122A-4930-B961-CF41AC84A4A3}.Release|Any CPU.Build.0 = Release|Any CPU
		{0354FB27-D4AE-4DD8-B653-1A6691BA2881}.Debug|Any CPU.ActiveCfg = Debug|Any CPU
		{0354FB27-D4AE-4DD8-B653-1A6691BA2881}.Debug|Any CPU.Build.0 = Debug|Any CPU
		{0354FB27-D4AE-4DD8-B653-1A6691BA2881}.Release|Any CPU.ActiveCfg = Release|Any CPU
		{0354FB27-D4AE-4DD8-B653-1A6691BA2881}.Release|Any CPU.Build.0 = Release|Any CPU
		{B4CC5D59-C370-42FD-B802-95F2504A2001}.Debug|Any CPU.ActiveCfg = Debug|Any CPU
		{B4CC5D59-C370-42FD-B802-95F2504A2001}.Debug|Any CPU.Build.0 = Debug|Any CPU
		{B4CC5D59-C370-42FD-B802-95F2504A2001}.Release|Any CPU.ActiveCfg = Release|Any CPU
		{B4CC5D59-C370-42FD-B802-95F2504A2001}.Release|Any CPU.Build.0 = Release|Any CPU
		{19207AD9-4066-4465-8D0B-9B5D22A511AF}.Debug|Any CPU.ActiveCfg = Debug|Any CPU
		{19207AD9-4066-4465-8D0B-9B5D22A511AF}.Debug|Any CPU.Build.0 = Debug|Any CPU
		{19207AD9-4066-4465-8D0B-9B5D22A511AF}.Release|Any CPU.ActiveCfg = Release|Any CPU
		{19207AD9-4066-4465-8D0B-9B5D22A511AF}.Release|Any CPU.Build.0 = Release|Any CPU
		{BD26A038-CF82-4E67-90F4-87FE93EFE50D}.Debug|Any CPU.ActiveCfg = Debug|Any CPU
		{BD26A038-CF82-4E67-90F4-87FE93EFE50D}.Debug|Any CPU.Build.0 = Debug|Any CPU
		{BD26A038-CF82-4E67-90F4-87FE93EFE50D}.Release|Any CPU.ActiveCfg = Release|Any CPU
		{BD26A038-CF82-4E67-90F4-87FE93EFE50D}.Release|Any CPU.Build.0 = Release|Any CPU
	EndGlobalSection
	GlobalSection(SolutionProperties) = preSolution
		HideSolutionNode = FALSE
	EndGlobalSection
	GlobalSection(NestedProjects) = preSolution
		{73DE75E7-F42E-4130-A742-1118FF19323E} = {FC8B6FAD-D116-4329-A3F9-AD8527A4C521}
		{41AF17C6-8D0E-4553-85CE-7F2045081693} = {FC8B6FAD-D116-4329-A3F9-AD8527A4C521}
		{C5264657-A4E8-4DDF-88D7-9FCAC13EA2C4} = {FC8B6FAD-D116-4329-A3F9-AD8527A4C521}
		{66710A12-66A2-4094-95FD-86828095E666} = {FC8B6FAD-D116-4329-A3F9-AD8527A4C521}
		{A8CA9C2E-AE0D-480A-B861-2D8F72ECF320} = {FC8B6FAD-D116-4329-A3F9-AD8527A4C521}
		{A9E25D61-0240-4E99-8B2B-AF99F9FD7273} = {218A862F-EB4A-4B7A-B061-4A05C5ABDCA3}
		{1BE39B26-60B0-4E6D-8058-5F9AFC7B7FAC} = {218A862F-EB4A-4B7A-B061-4A05C5ABDCA3}
		{22F6DEBA-410C-4B7C-B680-939DFFBA6BB5} = {218A862F-EB4A-4B7A-B061-4A05C5ABDCA3}
		{88B97E56-3F2D-45CB-907D-93A77264FBAA} = {218A862F-EB4A-4B7A-B061-4A05C5ABDCA3}
		{2C090922-7A6C-435F-8A3A-1AA22DD0B5F7} = {218A862F-EB4A-4B7A-B061-4A05C5ABDCA3}
		{31AA11C0-05C3-4419-A7B1-BEFC12068E89} = {BDD725AE-D765-43B2-9F64-BF5A424C1110}
		{B7E6FD19-D4C7-4518-AB86-4A512D11588F} = {BDD725AE-D765-43B2-9F64-BF5A424C1110}
		{DEFB7ED1-EA32-4F53-AAA9-548936DE47B6} = {BDD725AE-D765-43B2-9F64-BF5A424C1110}
		{806911EC-4482-4D15-8B3A-9B7EA7D579A9} = {BDD725AE-D765-43B2-9F64-BF5A424C1110}
		{15ECEF75-122A-4930-B961-CF41AC84A4A3} = {2363CDF2-B235-4FD9-8786-B3DA1E8593A8}
		{0354FB27-D4AE-4DD8-B653-1A6691BA2881} = {2363CDF2-B235-4FD9-8786-B3DA1E8593A8}
		{B4CC5D59-C370-42FD-B802-95F2504A2001} = {2363CDF2-B235-4FD9-8786-B3DA1E8593A8}
		{19207AD9-4066-4465-8D0B-9B5D22A511AF} = {2363CDF2-B235-4FD9-8786-B3DA1E8593A8}
		{BD26A038-CF82-4E67-90F4-87FE93EFE50D} = {4258B90F-6BA8-4B35-855D-11A47AE14955}
	EndGlobalSection
	GlobalSection(ExtensibilityGlobals) = postSolution
		SolutionGuid = {64788346-12E3-4309-B7D6-09DB00D745C2}
	EndGlobalSection
EndGlobal
